{
  "name": "oyro",
  "version": "0.0.1",
  "lockfileVersion": 1,
  "requires": true,
  "dependencies": {
    "@iarna/toml": {
      "version": "2.2.5",
      "resolved": "https://principal2.jfrog.io/artifactory/api/npm/npm/@iarna/toml/-/toml-2.2.5.tgz",
      "integrity": "sha1-syNmyJtDxvjO+976x3i5yCjjuow=",
      "dev": true
    },
    "@lukeed/csprng": {
      "version": "1.0.0",
      "resolved": "https://principal2.jfrog.io/artifactory/api/npm/npm/@lukeed/csprng/-/csprng-1.0.0.tgz",
      "integrity": "sha1-czoSI4J0nSfi5G7Dj4xxydU6ljY="
    },
    "@lukeed/uuid": {
      "version": "2.0.0",
      "resolved": "https://principal2.jfrog.io/artifactory/api/npm/npm/@lukeed/uuid/-/uuid-2.0.0.tgz",
      "integrity": "sha1-HA8zwHHLaQK8O55HV4KtpzFO+b0=",
      "requires": {
        "@lukeed/csprng": "^1.0.0"
      }
    },
    "@mapbox/node-pre-gyp": {
      "version": "1.0.5",
      "resolved": "https://principal2.jfrog.io/artifactory/api/npm/npm/@mapbox/node-pre-gyp/-/node-pre-gyp-1.0.5.tgz",
      "integrity": "sha1-Kgsy/LQW+z8iUP0kyyqBQhpPWVA=",
      "requires": {
        "detect-libc": "^1.0.3",
        "https-proxy-agent": "^5.0.0",
        "make-dir": "^3.1.0",
        "node-fetch": "^2.6.1",
        "nopt": "^5.0.0",
        "npmlog": "^4.1.2",
        "rimraf": "^3.0.2",
        "semver": "^7.3.4",
        "tar": "^6.1.0"
      }
    },
    "@phc/format": {
      "version": "1.0.0",
      "resolved": "https://principal2.jfrog.io/artifactory/api/npm/npm/@phc/format/-/format-1.0.0.tgz",
      "integrity": "sha1-tWJwA7MhbcQ2ISWxP0ik2qdmgOQ="
    },
    "@prisma/client": {
      "version": "2.29.1",
      "resolved": "https://principal2.jfrog.io/artifactory/api/npm/npm/@prisma/client/-/client-2.29.1.tgz",
      "integrity": "sha1-p7kclkSADeTgCy98N4n/S65Cs9Y=",
      "requires": {
        "@prisma/engines-version": "2.29.0-34.1be4cd60b89afa04b192acb1ef47758a39810f3a"
      }
    },
    "@prisma/engines": {
      "version": "2.29.0-34.1be4cd60b89afa04b192acb1ef47758a39810f3a",
      "resolved": "https://principal2.jfrog.io/artifactory/api/npm/npm/@prisma/engines/-/engines-2.29.0-34.1be4cd60b89afa04b192acb1ef47758a39810f3a.tgz",
      "integrity": "sha1-CkSm3L7n4KKFDqCGZ1qKT01if50=",
      "dev": true
    },
    "@prisma/engines-version": {
      "version": "2.29.0-34.1be4cd60b89afa04b192acb1ef47758a39810f3a",
      "resolved": "https://principal2.jfrog.io/artifactory/api/npm/npm/@prisma/engines-version/-/engines-version-2.29.0-34.1be4cd60b89afa04b192acb1ef47758a39810f3a.tgz",
      "integrity": "sha1-ltuS8JcU1N0qXiEFTCi9HAgg+nc="
    },
    "@rollup/pluginutils": {
      "version": "4.1.1",
      "resolved": "https://principal2.jfrog.io/artifactory/api/npm/npm/@rollup/pluginutils/-/pluginutils-4.1.1.tgz",
      "integrity": "sha1-HU2obdTt7RVlalfZM/2iuaCNR+w=",
      "dev": true,
      "requires": {
        "estree-walker": "^2.0.1",
        "picomatch": "^2.2.2"
      }
    },
    "@sveltejs/adapter-netlify": {
      "version": "1.0.0-next.29",
      "resolved": "https://principal2.jfrog.io/artifactory/api/npm/npm/@sveltejs/adapter-netlify/-/adapter-netlify-1.0.0-next.29.tgz",
      "integrity": "sha1-6g081Dobbg/TlSWfFpCtG6rh5H0=",
      "dev": true,
      "requires": {
        "@iarna/toml": "^2.2.5",
        "esbuild": "^0.12.5"
      }
    },
    "@sveltejs/adapter-vercel": {
      "version": "1.0.0-next.27",
      "resolved": "https://principal2.jfrog.io/artifactory/api/npm/npm/@sveltejs/adapter-vercel/-/adapter-vercel-1.0.0-next.27.tgz",
      "integrity": "sha1-DoRJtVUBNsCZdqUdyXH7SB0Gwlw=",
      "dev": true,
      "requires": {
        "esbuild": "^0.12.5"
      }
    },
    "@sveltejs/kit": {
      "version": "1.0.0-next.154",
      "resolved": "https://principal2.jfrog.io/artifactory/api/npm/npm/@sveltejs/kit/-/kit-1.0.0-next.154.tgz",
      "integrity": "sha1-pTFxjEH/Ryd6XBci8JDkBE6CqOk=",
      "dev": true,
      "requires": {
        "@sveltejs/vite-plugin-svelte": "^1.0.0-next.16",
        "cheap-watch": "^1.0.3",
        "sade": "^1.7.4",
        "vite": "^2.5.0"
      }
    },
    "@sveltejs/vite-plugin-svelte": {
      "version": "1.0.0-next.18",
      "resolved": "https://principal2.jfrog.io/artifactory/api/npm/npm/@sveltejs/vite-plugin-svelte/-/vite-plugin-svelte-1.0.0-next.18.tgz",
      "integrity": "sha1-P1+ldQhgESbCfHO8sOpX3HKtv2o=",
      "dev": true,
      "requires": {
        "@rollup/pluginutils": "^4.1.1",
        "debug": "^4.3.2",
        "kleur": "^4.1.4",
        "magic-string": "^0.25.7",
        "require-relative": "^0.8.7",
        "svelte-hmr": "^0.14.7"
      }
    },
    "abbrev": {
      "version": "1.1.1",
      "resolved": "https://principal2.jfrog.io/artifactory/api/npm/npm/abbrev/-/abbrev-1.1.1.tgz",
      "integrity": "sha1-+PLIh60Qv2f2NPAFtph/7TF5qsg="
    },
    "agent-base": {
      "version": "6.0.2",
      "resolved": "https://principal2.jfrog.io/artifactory/api/npm/npm/agent-base/-/agent-base-6.0.2.tgz",
      "integrity": "sha1-Sf/1hXfP7j83F2/qtMIuAPhtf3c=",
      "requires": {
        "debug": "4"
      }
    },
    "ansi-regex": {
      "version": "2.1.1",
      "resolved": "https://principal2.jfrog.io/artifactory/api/npm/npm/ansi-regex/-/ansi-regex-2.1.1.tgz",
      "integrity": "sha1-w7M6te42DYbg5ijwRorn7yfWVN8="
    },
    "aproba": {
      "version": "1.2.0",
      "resolved": "https://principal2.jfrog.io/artifactory/api/npm/npm/aproba/-/aproba-1.2.0.tgz",
      "integrity": "sha1-aALmJk79GMeQobDVF/DyYnvyyUo="
    },
    "are-we-there-yet": {
      "version": "1.1.5",
      "resolved": "https://principal2.jfrog.io/artifactory/api/npm/npm/are-we-there-yet/-/are-we-there-yet-1.1.5.tgz",
      "integrity": "sha1-SzXClE8GKov82mZBB2A1D+nd/CE=",
      "requires": {
        "delegates": "^1.0.0",
        "readable-stream": "^2.0.6"
      }
    },
    "argon2": {
      "version": "0.28.2",
      "resolved": "https://principal2.jfrog.io/artifactory/api/npm/npm/argon2/-/argon2-0.28.2.tgz",
      "integrity": "sha1-tYPk71sFKoO/4UZ1KES5+lJtuik=",
      "requires": {
        "@mapbox/node-pre-gyp": "^1.0.1",
        "@phc/format": "^1.0.0",
        "node-addon-api": "^3.0.2",
        "opencollective-postinstall": "^2.0.3"
      }
    },
    "axios": {
      "version": "0.21.1",
      "resolved": "https://principal2.jfrog.io/artifactory/api/npm/npm/axios/-/axios-0.21.1.tgz",
      "integrity": "sha1-IlY0gZYvTWvemnbVFu8OXTwJsrg=",
      "requires": {
        "follow-redirects": "^1.10.0"
      }
    },
    "balanced-match": {
      "version": "1.0.2",
      "resolved": "https://principal2.jfrog.io/artifactory/api/npm/npm/balanced-match/-/balanced-match-1.0.2.tgz",
      "integrity": "sha1-6D46fj8wCzTLnYf2FfoMvzV2kO4="
    },
    "brace-expansion": {
      "version": "1.1.11",
      "resolved": "https://principal2.jfrog.io/artifactory/api/npm/npm/brace-expansion/-/brace-expansion-1.1.11.tgz",
      "integrity": "sha1-PH/L9SnYcibz0vUrlm/1Jx60Qd0=",
      "requires": {
        "balanced-match": "^1.0.0",
        "concat-map": "0.0.1"
      }
    },
    "cheap-watch": {
      "version": "1.0.3",
      "resolved": "https://principal2.jfrog.io/artifactory/api/npm/npm/cheap-watch/-/cheap-watch-1.0.3.tgz",
      "integrity": "sha1-PEJlcYvPjxrgj15FD59Gk0MuAo4=",
      "dev": true
    },
    "chownr": {
      "version": "2.0.0",
      "resolved": "https://principal2.jfrog.io/artifactory/api/npm/npm/chownr/-/chownr-2.0.0.tgz",
      "integrity": "sha1-Fb++U9LqtM9w8YqM1o6+Wzyx3s4="
    },
    "code-point-at": {
      "version": "1.1.0",
      "resolved": "https://principal2.jfrog.io/artifactory/api/npm/npm/code-point-at/-/code-point-at-1.1.0.tgz",
      "integrity": "sha1-DQcLTQQ6W+ozovGkDi7bPZpMz3c="
    },
    "colorette": {
      "version": "1.3.0",
      "resolved": "https://principal2.jfrog.io/artifactory/api/npm/npm/colorette/-/colorette-1.3.0.tgz",
      "integrity": "sha1-/0XS8O2yRAadO3cq3rBP7TjQoK8=",
      "dev": true
    },
    "concat-map": {
      "version": "0.0.1",
      "resolved": "https://principal2.jfrog.io/artifactory/api/npm/npm/concat-map/-/concat-map-0.0.1.tgz",
      "integrity": "sha1-2Klr13/Wjfd5OnMDajug1UBdR3s="
    },
    "console-control-strings": {
      "version": "1.1.0",
      "resolved": "https://principal2.jfrog.io/artifactory/api/npm/npm/console-control-strings/-/console-control-strings-1.1.0.tgz",
      "integrity": "sha1-PXz0Rk22RG6mRL9LOVB/mFEAjo4="
    },
    "cookie": {
      "version": "0.4.1",
      "resolved": "https://principal2.jfrog.io/artifactory/api/npm/npm/cookie/-/cookie-0.4.1.tgz",
      "integrity": "sha1-r9cT/ibr0hupXOth+agRblClN9E="
    },
    "core-util-is": {
      "version": "1.0.2",
      "resolved": "https://principal2.jfrog.io/artifactory/api/npm/npm/core-util-is/-/core-util-is-1.0.2.tgz",
      "integrity": "sha1-tf1UIgqivFq1eqtxQMlAdUUDwac="
    },
    "debug": {
      "version": "4.3.2",
      "resolved": "https://principal2.jfrog.io/artifactory/api/npm/npm/debug/-/debug-4.3.2.tgz",
      "integrity": "sha1-8KScGKyHeeMdSgxgKd+3aHPHQos=",
      "requires": {
        "ms": "2.1.2"
      }
    },
    "delegates": {
      "version": "1.0.0",
      "resolved": "https://principal2.jfrog.io/artifactory/api/npm/npm/delegates/-/delegates-1.0.0.tgz",
      "integrity": "sha1-hMbhWbgZBP3KWaDvRM2HDTElD5o="
    },
    "detect-libc": {
      "version": "1.0.3",
      "resolved": "https://principal2.jfrog.io/artifactory/api/npm/npm/detect-libc/-/detect-libc-1.0.3.tgz",
      "integrity": "sha1-+hN8S9aY7fVc1c0CrFWfkaTEups="
    },
    "esbuild": {
      "version": "0.12.21",
      "resolved": "https://principal2.jfrog.io/artifactory/api/npm/npm/esbuild/-/esbuild-0.12.21.tgz",
      "integrity": "sha1-f/Mqmsc85DEPnLYepMPal1ZXDUY=",
      "dev": true
    },
    "estree-walker": {
      "version": "2.0.2",
      "resolved": "https://principal2.jfrog.io/artifactory/api/npm/npm/estree-walker/-/estree-walker-2.0.2.tgz",
      "integrity": "sha1-UvAQF4wqTBF6d1fP6UKtt9LaTKw=",
      "dev": true
    },
    "follow-redirects": {
      "version": "1.14.2",
      "resolved": "https://principal2.jfrog.io/artifactory/api/npm/npm/follow-redirects/-/follow-redirects-1.14.2.tgz",
      "integrity": "sha1-zsuCUEfAD15msUL5D+1PUV3seJs="
    },
    "fs-minipass": {
      "version": "2.1.0",
      "resolved": "https://principal2.jfrog.io/artifactory/api/npm/npm/fs-minipass/-/fs-minipass-2.1.0.tgz",
      "integrity": "sha1-f1A2/b8SxjwWkZDL5BmchSJx+fs=",
      "requires": {
        "minipass": "^3.0.0"
      }
    },
    "fs.realpath": {
      "version": "1.0.0",
      "resolved": "https://principal2.jfrog.io/artifactory/api/npm/npm/fs.realpath/-/fs.realpath-1.0.0.tgz",
      "integrity": "sha1-FQStJSMVjKpA20onh8sBQRmU6k8="
    },
    "fsevents": {
      "version": "2.3.2",
      "resolved": "https://principal2.jfrog.io/artifactory/api/npm/npm/fsevents/-/fsevents-2.3.2.tgz",
      "integrity": "sha1-ilJveLj99GI7cJ4Ll1xSwkwC/Ro=",
      "dev": true,
      "optional": true
    },
    "function-bind": {
      "version": "1.1.1",
      "resolved": "https://principal2.jfrog.io/artifactory/api/npm/npm/function-bind/-/function-bind-1.1.1.tgz",
      "integrity": "sha1-pWiZ0+o8m6uHS7l3O3xe3pL0iV0=",
      "dev": true
    },
    "gauge": {
      "version": "2.7.4",
      "resolved": "https://principal2.jfrog.io/artifactory/api/npm/npm/gauge/-/gauge-2.7.4.tgz",
      "integrity": "sha1-LANAXHU4w51+s3sxcCLjJfsBi/c=",
      "requires": {
        "aproba": "^1.0.3",
        "console-control-strings": "^1.0.0",
        "has-unicode": "^2.0.0",
        "object-assign": "^4.1.0",
        "signal-exit": "^3.0.0",
        "string-width": "^1.0.1",
        "strip-ansi": "^3.0.1",
        "wide-align": "^1.1.0"
      }
    },
    "glob": {
      "version": "7.1.7",
      "resolved": "https://principal2.jfrog.io/artifactory/api/npm/npm/glob/-/glob-7.1.7.tgz",
      "integrity": "sha1-Oxk+kjPwHULQs/eClLvutBj5SpA=",
      "requires": {
        "fs.realpath": "^1.0.0",
        "inflight": "^1.0.4",
        "inherits": "2",
        "minimatch": "^3.0.4",
        "once": "^1.3.0",
        "path-is-absolute": "^1.0.0"
      }
    },
    "has": {
      "version": "1.0.3",
      "resolved": "https://principal2.jfrog.io/artifactory/api/npm/npm/has/-/has-1.0.3.tgz",
      "integrity": "sha1-ci18v8H2qoJB8W3YFOAR4fQeh5Y=",
      "dev": true,
      "requires": {
        "function-bind": "^1.1.1"
      }
    },
    "has-unicode": {
      "version": "2.0.1",
      "resolved": "https://principal2.jfrog.io/artifactory/api/npm/npm/has-unicode/-/has-unicode-2.0.1.tgz",
      "integrity": "sha1-4Ob+aijPUROIVeCG0Wkedx3iqLk="
    },
    "https-proxy-agent": {
      "version": "5.0.0",
      "resolved": "https://principal2.jfrog.io/artifactory/api/npm/npm/https-proxy-agent/-/https-proxy-agent-5.0.0.tgz",
      "integrity": "sha1-4qkFQqu2inYuCghQ9sntrf2FBrI=",
      "requires": {
        "agent-base": "6",
        "debug": "4"
      }
    },
    "inflight": {
      "version": "1.0.6",
      "resolved": "https://principal2.jfrog.io/artifactory/api/npm/npm/inflight/-/inflight-1.0.6.tgz",
      "integrity": "sha1-Sb1jMdfQLQwJvJEKEHW6gWW1bfk=",
      "requires": {
        "once": "^1.3.0",
        "wrappy": "1"
      }
    },
    "inherits": {
      "version": "2.0.4",
      "resolved": "https://principal2.jfrog.io/artifactory/api/npm/npm/inherits/-/inherits-2.0.4.tgz",
      "integrity": "sha1-D6LGT5MpF8NDOg3tVTY6rjdBa3w="
    },
    "is-core-module": {
      "version": "2.6.0",
      "resolved": "https://principal2.jfrog.io/artifactory/api/npm/npm/is-core-module/-/is-core-module-2.6.0.tgz",
      "integrity": "sha1-11U7JSb+Wbkro+QMjfdX7Ipwnhk=",
      "dev": true,
      "requires": {
        "has": "^1.0.3"
      }
    },
    "is-fullwidth-code-point": {
      "version": "1.0.0",
      "resolved": "https://principal2.jfrog.io/artifactory/api/npm/npm/is-fullwidth-code-point/-/is-fullwidth-code-point-1.0.0.tgz",
      "integrity": "sha1-754xOG8DGn8NZDr4L95QxFfvAMs=",
      "requires": {
        "number-is-nan": "^1.0.0"
      }
    },
    "isarray": {
      "version": "1.0.0",
      "resolved": "https://principal2.jfrog.io/artifactory/api/npm/npm/isarray/-/isarray-1.0.0.tgz",
      "integrity": "sha1-u5NdSFgsuhaMBoNJV6VKPgcSTxE="
    },
    "kleur": {
      "version": "4.1.4",
      "resolved": "https://principal2.jfrog.io/artifactory/api/npm/npm/kleur/-/kleur-4.1.4.tgz",
      "integrity": "sha1-jCAph9fld3ZtA5qM1GGTTAHNoE0=",
      "dev": true
    },
    "lru-cache": {
      "version": "6.0.0",
      "resolved": "https://principal2.jfrog.io/artifactory/api/npm/npm/lru-cache/-/lru-cache-6.0.0.tgz",
      "integrity": "sha1-bW/mVw69lqr5D8rR2vo7JWbbOpQ=",
      "requires": {
        "yallist": "^4.0.0"
      }
    },
    "magic-string": {
      "version": "0.25.7",
      "resolved": "https://principal2.jfrog.io/artifactory/api/npm/npm/magic-string/-/magic-string-0.25.7.tgz",
      "integrity": "sha1-P0l9b9NMZpxnmNy4IfLvMfVEUFE=",
      "dev": true,
      "requires": {
        "sourcemap-codec": "^1.4.4"
      }
    },
    "make-dir": {
      "version": "3.1.0",
      "resolved": "https://principal2.jfrog.io/artifactory/api/npm/npm/make-dir/-/make-dir-3.1.0.tgz",
      "integrity": "sha1-QV6WcEazp/HRhSd9hKpYIDcmoT8=",
      "requires": {
        "semver": "^6.0.0"
      },
      "dependencies": {
        "semver": {
          "version": "6.3.0",
          "resolved": "https://principal2.jfrog.io/artifactory/api/npm/npm/semver/-/semver-6.3.0.tgz",
          "integrity": "sha1-7gpkyK9ejO6mdoexM3YeG+y9HT0="
        }
      }
    },
    "minimatch": {
      "version": "3.0.4",
      "resolved": "https://principal2.jfrog.io/artifactory/api/npm/npm/minimatch/-/minimatch-3.0.4.tgz",
      "integrity": "sha1-UWbihkV/AzBgZL5Ul+jbsMPTIIM=",
      "requires": {
        "brace-expansion": "^1.1.7"
      }
    },
    "minipass": {
      "version": "3.1.3",
      "resolved": "https://principal2.jfrog.io/artifactory/api/npm/npm/minipass/-/minipass-3.1.3.tgz",
      "integrity": "sha1-fUL/HzljVILhX5zbUxhN7r1YFf0=",
      "requires": {
        "yallist": "^4.0.0"
      }
    },
    "minizlib": {
      "version": "2.1.2",
      "resolved": "https://principal2.jfrog.io/artifactory/api/npm/npm/minizlib/-/minizlib-2.1.2.tgz",
      "integrity": "sha1-6Q00Zrogm5MkUVCKEc49NjIUWTE=",
      "requires": {
        "minipass": "^3.0.0",
        "yallist": "^4.0.0"
      }
    },
    "mkdirp": {
      "version": "1.0.4",
      "resolved": "https://principal2.jfrog.io/artifactory/api/npm/npm/mkdirp/-/mkdirp-1.0.4.tgz",
      "integrity": "sha1-PrXtYmInVteaXw4qIh3+utdcL34="
    },
    "mri": {
      "version": "1.1.6",
      "resolved": "https://principal2.jfrog.io/artifactory/api/npm/npm/mri/-/mri-1.1.6.tgz",
      "integrity": "sha1-SZUuEETbIdv5D2zZK8nJp3fUFaY=",
      "dev": true
    },
    "ms": {
      "version": "2.1.2",
      "resolved": "https://principal2.jfrog.io/artifactory/api/npm/npm/ms/-/ms-2.1.2.tgz",
      "integrity": "sha1-0J0fNXtEP0kzgqjrPM0YOHKuYAk="
    },
    "nanoid": {
      "version": "3.1.25",
      "resolved": "https://principal2.jfrog.io/artifactory/api/npm/npm/nanoid/-/nanoid-3.1.25.tgz",
      "integrity": "sha1-CcoydHwOVD8OGBS303k0d/nI4VI=",
      "dev": true
    },
    "node-addon-api": {
      "version": "3.2.1",
      "resolved": "https://principal2.jfrog.io/artifactory/api/npm/npm/node-addon-api/-/node-addon-api-3.2.1.tgz",
      "integrity": "sha1-gTJeCiEXeJwBKNq2Xn448HzroWE="
    },
    "node-fetch": {
      "version": "2.6.1",
      "resolved": "https://principal2.jfrog.io/artifactory/api/npm/npm/node-fetch/-/node-fetch-2.6.1.tgz",
      "integrity": "sha1-BFvTI2Mfdu0uK1VXM5RBa2OaAFI="
    },
    "nopt": {
      "version": "5.0.0",
      "resolved": "https://principal2.jfrog.io/artifactory/api/npm/npm/nopt/-/nopt-5.0.0.tgz",
      "integrity": "sha1-UwlCu1ilEvzK/lP+IQ8TolNV3Ig=",
      "requires": {
        "abbrev": "1"
      }
    },
    "npmlog": {
      "version": "4.1.2",
      "resolved": "https://principal2.jfrog.io/artifactory/api/npm/npm/npmlog/-/npmlog-4.1.2.tgz",
      "integrity": "sha1-CKfyqL9zRgR3mp76StXMcXq7lUs=",
      "requires": {
        "are-we-there-yet": "~1.1.2",
        "console-control-strings": "~1.1.0",
        "gauge": "~2.7.3",
        "set-blocking": "~2.0.0"
      }
    },
    "number-is-nan": {
      "version": "1.0.1",
      "resolved": "https://principal2.jfrog.io/artifactory/api/npm/npm/number-is-nan/-/number-is-nan-1.0.1.tgz",
      "integrity": "sha1-CXtgK1NCKlIsGvuHkDGDNpQaAR0="
    },
    "object-assign": {
      "version": "4.1.1",
      "resolved": "https://principal2.jfrog.io/artifactory/api/npm/npm/object-assign/-/object-assign-4.1.1.tgz",
      "integrity": "sha1-IQmtx5ZYh8/AXLvUQsrIv7s2CGM="
    },
    "once": {
      "version": "1.4.0",
      "resolved": "https://principal2.jfrog.io/artifactory/api/npm/npm/once/-/once-1.4.0.tgz",
      "integrity": "sha1-WDsap3WWHUsROsF9nFC6753Xa9E=",
      "requires": {
        "wrappy": "1"
      }
    },
    "opencollective-postinstall": {
      "version": "2.0.3",
      "resolved": "https://principal2.jfrog.io/artifactory/api/npm/npm/opencollective-postinstall/-/opencollective-postinstall-2.0.3.tgz",
      "integrity": "sha1-eg//l49tv6TQBiOPusmO1BmMMlk="
    },
    "path-is-absolute": {
      "version": "1.0.1",
      "resolved": "https://principal2.jfrog.io/artifactory/api/npm/npm/path-is-absolute/-/path-is-absolute-1.0.1.tgz",
      "integrity": "sha1-F0uSaHNVNP+8es5r9TpanhtcX18="
    },
    "path-parse": {
      "version": "1.0.7",
      "resolved": "https://principal2.jfrog.io/artifactory/api/npm/npm/path-parse/-/path-parse-1.0.7.tgz",
      "integrity": "sha1-+8EUtgykKzDZ2vWFjkvWi77bZzU=",
      "dev": true
    },
    "picomatch": {
      "version": "2.3.0",
      "resolved": "https://principal2.jfrog.io/artifactory/api/npm/npm/picomatch/-/picomatch-2.3.0.tgz",
      "integrity": "sha1-8fBh3o9qS/AiiS4tEoI0+5gwKXI=",
      "dev": true
    },
    "plaid": {
      "version": "9.0.0",
      "resolved": "https://principal2.jfrog.io/artifactory/api/npm/npm/plaid/-/plaid-9.0.0.tgz",
      "integrity": "sha1-7jLEyy9RAB8N501l0lcZjq1IIXg=",
      "requires": {
        "axios": "0.21.1"
      }
    },
    "postcss": {
      "version": "8.3.6",
      "resolved": "https://principal2.jfrog.io/artifactory/api/npm/npm/postcss/-/postcss-8.3.6.tgz",
      "integrity": "sha1-JzDddql5afN/U7mmCWGXvjEcxOo=",
      "dev": true,
      "requires": {
        "colorette": "^1.2.2",
        "nanoid": "^3.1.23",
        "source-map-js": "^0.6.2"
      }
    },
    "prettier": {
      "version": "2.2.1",
      "resolved": "https://principal2.jfrog.io/artifactory/api/npm/npm/prettier/-/prettier-2.2.1.tgz",
      "integrity": "sha1-eVoaeN1S8HPaDNQrIfnJE4GSP/U=",
      "dev": true
    },
    "prettier-plugin-svelte": {
      "version": "2.3.1",
      "resolved": "https://principal2.jfrog.io/artifactory/api/npm/npm/prettier-plugin-svelte/-/prettier-plugin-svelte-2.3.1.tgz",
      "integrity": "sha1-kmGEpJBUlojb6gqNYcGxriAhg2g=",
      "dev": true
    },
    "prisma": {
      "version": "2.29.1",
      "resolved": "https://principal2.jfrog.io/artifactory/api/npm/npm/prisma/-/prisma-2.29.1.tgz",
      "integrity": "sha1-eEX1XH8JlVsB+XPGpLHzMMshLn0=",
      "dev": true,
      "requires": {
        "@prisma/engines": "2.29.0-34.1be4cd60b89afa04b192acb1ef47758a39810f3a"
      }
    },
    "process-nextick-args": {
      "version": "2.0.1",
      "resolved": "https://principal2.jfrog.io/artifactory/api/npm/npm/process-nextick-args/-/process-nextick-args-2.0.1.tgz",
      "integrity": "sha1-eCDZsWEgzFXKmud5JoCufbptf+I="
    },
    "readable-stream": {
      "version": "2.3.7",
      "resolved": "https://principal2.jfrog.io/artifactory/api/npm/npm/readable-stream/-/readable-stream-2.3.7.tgz",
      "integrity": "sha1-Hsoc9xGu+BTAT2IlKjamL2yyO1c=",
      "requires": {
        "core-util-is": "~1.0.0",
        "inherits": "~2.0.3",
        "isarray": "~1.0.0",
        "process-nextick-args": "~2.0.0",
        "safe-buffer": "~5.1.1",
        "string_decoder": "~1.1.1",
        "util-deprecate": "~1.0.1"
      }
    },
    "require-relative": {
      "version": "0.8.7",
      "resolved": "https://principal2.jfrog.io/artifactory/api/npm/npm/require-relative/-/require-relative-0.8.7.tgz",
      "integrity": "sha1-eZlTn8ngR6N5KPoZb44VY9q9Nt4=",
      "dev": true
    },
    "resolve": {
      "version": "1.20.0",
      "resolved": "https://principal2.jfrog.io/artifactory/api/npm/npm/resolve/-/resolve-1.20.0.tgz",
      "integrity": "sha1-YpoBP7P3B1XW8LeTXMHCxTeLGXU=",
      "dev": true,
      "requires": {
        "is-core-module": "^2.2.0",
        "path-parse": "^1.0.6"
      }
    },
    "rimraf": {
      "version": "3.0.2",
      "resolved": "https://principal2.jfrog.io/artifactory/api/npm/npm/rimraf/-/rimraf-3.0.2.tgz",
      "integrity": "sha1-8aVAK6YiCtUswSgrrBrjqkn9Bho=",
      "requires": {
        "glob": "^7.1.3"
      }
    },
    "rollup": {
      "version": "2.56.2",
      "resolved": "https://principal2.jfrog.io/artifactory/api/npm/npm/rollup/-/rollup-2.56.2.tgz",
      "integrity": "sha1-oEX/P2r1PuAJtfUBbKPaAynlRw8=",
      "dev": true,
      "requires": {
        "fsevents": "~2.3.2"
      }
    },
    "sade": {
      "version": "1.7.4",
      "resolved": "https://principal2.jfrog.io/artifactory/api/npm/npm/sade/-/sade-1.7.4.tgz",
      "integrity": "sha1-6mgeDGXSSNIJXJBXjAPKC7G1RpE=",
      "dev": true,
      "requires": {
        "mri": "^1.1.0"
      }
    },
    "safe-buffer": {
      "version": "5.1.2",
      "resolved": "https://principal2.jfrog.io/artifactory/api/npm/npm/safe-buffer/-/safe-buffer-5.1.2.tgz",
      "integrity": "sha1-mR7GnSluAxN0fVm9/St0XDX4go0="
    },
    "semver": {
      "version": "7.3.5",
      "resolved": "https://principal2.jfrog.io/artifactory/api/npm/npm/semver/-/semver-7.3.5.tgz",
      "integrity": "sha1-C2Ich5NI2JmOSw5L6Us/EuYBjvc=",
      "requires": {
        "lru-cache": "^6.0.0"
      }
    },
    "set-blocking": {
      "version": "2.0.0",
      "resolved": "https://principal2.jfrog.io/artifactory/api/npm/npm/set-blocking/-/set-blocking-2.0.0.tgz",
      "integrity": "sha1-BF+XgtARrppoA93TgrJDkrPYkPc="
    },
    "signal-exit": {
      "version": "3.0.3",
      "resolved": "https://principal2.jfrog.io/artifactory/api/npm/npm/signal-exit/-/signal-exit-3.0.3.tgz",
      "integrity": "sha1-oUEMLt2PB3sItOJTyOrPyvBXRhw="
    },
    "source-map-js": {
      "version": "0.6.2",
      "resolved": "https://principal2.jfrog.io/artifactory/api/npm/npm/source-map-js/-/source-map-js-0.6.2.tgz",
      "integrity": "sha1-C7XeYxtBz72mz7qL0FqA79/SOF4=",
      "dev": true
    },
    "sourcemap-codec": {
      "version": "1.4.8",
      "resolved": "https://principal2.jfrog.io/artifactory/api/npm/npm/sourcemap-codec/-/sourcemap-codec-1.4.8.tgz",
      "integrity": "sha1-6oBL2UhXQC5pktBaOO8a41qatMQ=",
      "dev": true
    },
    "string-width": {
      "version": "1.0.2",
      "resolved": "https://principal2.jfrog.io/artifactory/api/npm/npm/string-width/-/string-width-1.0.2.tgz",
      "integrity": "sha1-EYvfW4zcUaKn5w0hHgfisLmxB9M=",
      "requires": {
        "code-point-at": "^1.0.0",
        "is-fullwidth-code-point": "^1.0.0",
        "strip-ansi": "^3.0.0"
      }
    },
    "string_decoder": {
      "version": "1.1.1",
      "resolved": "https://principal2.jfrog.io/artifactory/api/npm/npm/string_decoder/-/string_decoder-1.1.1.tgz",
      "integrity": "sha1-nPFhG6YmhdcDCunkujQUnDrwP8g=",
      "requires": {
        "safe-buffer": "~5.1.0"
      }
    },
    "strip-ansi": {
      "version": "3.0.1",
      "resolved": "https://principal2.jfrog.io/artifactory/api/npm/npm/strip-ansi/-/strip-ansi-3.0.1.tgz",
      "integrity": "sha1-ajhfuIU9lS1f8F0Oiq+UJ43GPc8=",
      "requires": {
        "ansi-regex": "^2.0.0"
      }
    },
    "svelte": {
      "version": "3.42.2",
      "resolved": "https://principal2.jfrog.io/artifactory/api/npm/npm/svelte/-/svelte-3.42.2.tgz",
      "integrity": "sha1-AkbBdcggwa7KBzAMSFc6FarjweQ=",
      "dev": true
    },
    "svelte-hmr": {
      "version": "0.14.7",
      "resolved": "https://principal2.jfrog.io/artifactory/api/npm/npm/svelte-hmr/-/svelte-hmr-0.14.7.tgz",
      "integrity": "sha1-f6gmHHsiXZQJ8KhvO56lw8pvZgc=",
      "dev": true
    },
    "tar": {
      "version": "6.1.10",
      "resolved": "https://principal2.jfrog.io/artifactory/api/npm/npm/tar/-/tar-6.1.10.tgz",
      "integrity": "sha1-ijIKdEdfulQ5j6E2zZiDqorREXU=",
      "requires": {
        "chownr": "^2.0.0",
        "fs-minipass": "^2.0.0",
        "minipass": "^3.0.0",
        "minizlib": "^2.1.1",
        "mkdirp": "^1.0.3",
        "yallist": "^4.0.0"
      }
    },
    "util-deprecate": {
      "version": "1.0.2",
      "resolved": "https://principal2.jfrog.io/artifactory/api/npm/npm/util-deprecate/-/util-deprecate-1.0.2.tgz",
      "integrity": "sha1-RQ1Nyfpw3nMnYvvS1KKJgUGaDM8="
    },
    "vite": {
      "version": "2.5.0",
      "resolved": "https://principal2.jfrog.io/artifactory/api/npm/npm/vite/-/vite-2.5.0.tgz",
      "integrity": "sha1-ERujZ5Qy1CbkRWas9IAAWnkUy9Y=",
      "dev": true,
      "requires": {
        "esbuild": "^0.12.17",
        "fsevents": "~2.3.2",
        "postcss": "^8.3.6",
        "resolve": "^1.20.0",
        "rollup": "^2.38.5"
      }
    },
    "wide-align": {
      "version": "1.1.3",
      "resolved": "https://principal2.jfrog.io/artifactory/api/npm/npm/wide-align/-/wide-align-1.1.3.tgz",
      "integrity": "sha1-rgdOa9wMFKQx6ATmJFScYzsABFc=",
      "requires": {
        "string-width": "^1.0.2 || 2"
      }
    },
    "wrappy": {
      "version": "1.0.2",
      "resolved": "https://principal2.jfrog.io/artifactory/api/npm/npm/wrappy/-/wrappy-1.0.2.tgz",
      "integrity": "sha1-tSQ9jz7BqjXxNkYFvA0QNuMKtp8="
    },
    "yallist": {
      "version": "4.0.0",
      "resolved": "https://principal2.jfrog.io/artifactory/api/npm/npm/yallist/-/yallist-4.0.0.tgz",
      "integrity": "sha1-m7knkNnA7/7GO+c1GeEaNQGaOnI="
    }
  }
}
