lockfileVersion: 5.3

specifiers:
  '@lukeed/uuid': ^2.0.0
  '@prisma/client': ^2.28.0
  '@sveltejs/adapter-node': ^1.0.0-next.55
  '@sveltejs/kit': ^1.0.0-next.165
  argon2: ^0.28.2
  cookie: ^0.4.1
  plaid: ^9.0.0-beta.14
  prettier: ~2.2.1
  prettier-plugin-svelte: ^2.2.0
  prisma: ^2.28.0
  svelte: ^3.34.0

dependencies:
  '@lukeed/uuid': 2.0.0
  '@prisma/client': 2.30.3_prisma@2.30.3
  argon2: 0.28.2
  cookie: 0.4.1
  plaid: 9.5.0

devDependencies:
  '@sveltejs/adapter-node': 1.0.0-next.55
  '@sveltejs/kit': 1.0.0-next.190_svelte@3.44.0
  prettier: 2.2.1
  prettier-plugin-svelte: 2.4.0_prettier@2.2.1+svelte@3.44.0
  prisma: 2.30.3
  svelte: 3.44.0

packages:

  /@lukeed/csprng/1.0.0:
    resolution: {integrity: sha512-ruuGHsnabmObBdeMg3vKdGRmh06Oog3eFpf/Tk6X0kDSJDpJTDCj2dqdp1+0VjzIUgHlFF9GBm7uFqfYhhdX9g==}
    engines: {node: '>=8'}
    dev: false

  /@lukeed/uuid/2.0.0:
    resolution: {integrity: sha512-dUz8OmYvlY5A9wXaroHIMSPASpSYRLCqbPvxGSyHguhtTQIy24lC+EGxQlwv71AhRCO55WOtgwhzQLpw27JaJQ==}
    engines: {node: '>=8'}
    dependencies:
      '@lukeed/csprng': 1.0.0
    dev: false

  /@mapbox/node-pre-gyp/1.0.6:
    resolution: {integrity: sha512-qK1ECws8UxuPqOA8F5LFD90vyVU33W7N3hGfgsOVfrJaRVc8McC3JClTDHpeSbL9CBrOHly/4GsNPAvIgNZE+g==}
    hasBin: true
    dependencies:
      detect-libc: 1.0.3
      https-proxy-agent: 5.0.0
      make-dir: 3.1.0
      node-fetch: 2.6.5
      nopt: 5.0.0
      npmlog: 5.0.1
      rimraf: 3.0.2
      semver: 7.3.5
      tar: 6.1.11
    transitivePeerDependencies:
      - supports-color
    dev: false

  /@phc/format/1.0.0:
    resolution: {integrity: sha512-m7X9U6BG2+J+R1lSOdCiITLLrxm+cWlNI3HUFA92oLO77ObGNzaKdh8pMLqdZcshtkKuV84olNNXDfMc4FezBQ==}
    engines: {node: '>=10'}
    dev: false

  /@prisma/client/2.30.3_prisma@2.30.3:
    resolution: {integrity: sha512-Ey2miZ+Hne12We3rA8XrlPoAF0iuKEhw5IK2nropaelSt0Ju3b2qSz9Qt50a/1Mx3+7yRSu/iSXt8y9TUMl/Yw==}
    engines: {node: '>=12.2'}
    requiresBuild: true
    peerDependencies:
      prisma: '*'
    peerDependenciesMeta:
      prisma:
        optional: true
    dependencies:
      '@prisma/engines-version': 2.30.1-2.b8c35d44de987a9691890b3ddf3e2e7effb9bf20
      prisma: 2.30.3
    dev: false

  /@prisma/engines-version/2.30.1-2.b8c35d44de987a9691890b3ddf3e2e7effb9bf20:
    resolution: {integrity: sha512-/iDRgaoSQC77WN2oDsOM8dn61fykm6tnZUAClY+6p+XJbOEgZ9gy4CKuKTBgrjSGDVjtQ/S2KGcYd3Ring8xaw==}
    dev: false

  /@prisma/engines/2.30.1-2.b8c35d44de987a9691890b3ddf3e2e7effb9bf20:
    resolution: {integrity: sha512-WPnA/IUrxDihrRhdP6+8KAVSwsc0zsh8ioPYsLJjOhzVhwpRbuFH2tJDRIAbc+qFh+BbTIZbeyBYt8fpNXaYQQ==}
    requiresBuild: true
    dev: true

  /@rollup/pluginutils/4.1.1:
    resolution: {integrity: sha512-clDjivHqWGXi7u+0d2r2sBi4Ie6VLEAzWMIkvJLnDmxoOhBYOTfzGbOQBA32THHm11/LiJbd01tJUpJsbshSWQ==}
    engines: {node: '>= 8.0.0'}
    dependencies:
      estree-walker: 2.0.2
      picomatch: 2.3.0
    dev: true

  /@sveltejs/adapter-node/1.0.0-next.55:
    resolution: {integrity: sha512-Kmh8lx8kIY7W6rkqjC78y4dQTyjiAHD9D1WfmUTtYuDW1jAIG+YbZmPC9127kH5KOSGK4+tI8mpReDVB1lgf8g==}
    dependencies:
      esbuild: 0.13.9
      tiny-glob: 0.2.9
    dev: true

  /@sveltejs/kit/1.0.0-next.190_svelte@3.44.0:
    resolution: {integrity: sha512-5sNBwi2uizGkzuRAhwwpILPyD7DNPIlpMIWrgBue71sh51F9BXVzwoD3ZfMpwG5mzI/TKo4HlDVJwh9PBAgaTQ==}
    engines: {node: '>=14.13'}
    hasBin: true
    peerDependencies:
      svelte: ^3.44.0
    dependencies:
      '@sveltejs/vite-plugin-svelte': 1.0.0-next.30_svelte@3.44.0+vite@2.6.13
      cheap-watch: 1.0.4
      sade: 1.7.4
      svelte: 3.44.0
      vite: 2.6.13
    transitivePeerDependencies:
      - diff-match-patch
      - less
      - sass
      - stylus
      - supports-color
    dev: true

  /@sveltejs/vite-plugin-svelte/1.0.0-next.30_svelte@3.44.0+vite@2.6.13:
    resolution: {integrity: sha512-YQqdMxjL1VgSFk4/+IY3yLwuRRapPafPiZTiaGEq1psbJYSNYUWx9F1zMm32GMsnogg3zn99mGJOqe3ld3HZSg==}
    engines: {node: ^14.13.1 || >= 16}
    peerDependencies:
      diff-match-patch: ^1.0.5
      svelte: ^3.44.0
      vite: ^2.6.0
    peerDependenciesMeta:
      diff-match-patch:
        optional: true
    dependencies:
      '@rollup/pluginutils': 4.1.1
      debug: 4.3.2
      kleur: 4.1.4
      magic-string: 0.25.7
      require-relative: 0.8.7
      svelte: 3.44.0
      svelte-hmr: 0.14.7_svelte@3.44.0
      vite: 2.6.13
    transitivePeerDependencies:
      - supports-color
    dev: true

  /abbrev/1.1.1:
    resolution: {integrity: sha512-nne9/IiQ/hzIhY6pdDnbBtz7DjPTKrY00P/zvPSm5pOFkl6xuGrGnXn/VtTNNfNtAfZ9/1RtehkszU9qcTii0Q==}
    dev: false

  /agent-base/6.0.2:
    resolution: {integrity: sha512-RZNwNclF7+MS/8bDg70amg32dyeZGZxiDuQmZxKLAlQjr3jGyLx+4Kkk58UO7D2QdgFIQCovuSuZESne6RG6XQ==}
    engines: {node: '>= 6.0.0'}
    dependencies:
      debug: 4.3.2
    transitivePeerDependencies:
      - supports-color
    dev: false

  /ansi-regex/3.0.0:
    resolution: {integrity: sha1-7QMXwyIGT3lGbAKWa922Bas32Zg=}
    engines: {node: '>=4'}
    dev: false

  /aproba/2.0.0:
    resolution: {integrity: sha512-lYe4Gx7QT+MKGbDsA+Z+he/Wtef0BiwDOlK/XkBrdfsh9J/jPPXbX0tE9x9cl27Tmu5gg3QUbUrQYa/y+KOHPQ==}
    dev: false

  /are-we-there-yet/2.0.0:
    resolution: {integrity: sha512-Ci/qENmwHnsYo9xKIcUJN5LeDKdJ6R1Z1j9V/J5wyq8nh/mYPEpIKJbBZXtZjG04HiK7zV/p6Vs9952MrMeUIw==}
    engines: {node: '>=10'}
    dependencies:
      delegates: 1.0.0
      readable-stream: 3.6.0
    dev: false

  /argon2/0.28.2:
    resolution: {integrity: sha512-8oRk3kPlL0lLletENzhpbF9zoZJqvIHwTkjBseMrg1uD4gBMqhqnjJz1z3lEtwT0oqQAEkEwsEpsjaQBBRHcWw==}
    engines: {node: '>=12.0.0'}
    requiresBuild: true
    dependencies:
      '@mapbox/node-pre-gyp': 1.0.6
      '@phc/format': 1.0.0
      node-addon-api: 3.2.1
      opencollective-postinstall: 2.0.3
    transitivePeerDependencies:
      - supports-color
    dev: false

  /axios/0.21.4:
    resolution: {integrity: sha512-ut5vewkiu8jjGBdqpM44XxjuCjq9LAKeHVmoVfHVzy8eHgxxq8SbAVQNovDA8mVi05kP0Ea/n/UzcSHcTJQfNg==}
    dependencies:
      follow-redirects: 1.14.4
    transitivePeerDependencies:
      - debug
    dev: false

  /balanced-match/1.0.2:
    resolution: {integrity: sha512-3oSeUO0TMV67hN1AmbXsK4yaqU7tjiHlbxRDZOpH0KW9+CeX4bRAaX0Anxt0tx2MrpRpWwQaPwIlISEJhYU5Pw==}
    dev: false

  /brace-expansion/1.1.11:
    resolution: {integrity: sha512-iCuPHDFgrHX7H2vEI/5xpz07zSHB00TpugqhmYtVmMO6518mCuRMoOYFldEBl0g187ufozdaHgWKcYFb61qGiA==}
    dependencies:
      balanced-match: 1.0.2
      concat-map: 0.0.1
    dev: false

  /cheap-watch/1.0.4:
    resolution: {integrity: sha512-QR/9FrtRL5fjfUJBhAKCdi0lSRQ3rVRRum3GF9wDKp2TJbEIMGhUEr2yU8lORzm9Isdjx7/k9S0DFDx+z5VGtw==}
    engines: {node: '>=8'}
    dev: true

  /chownr/2.0.0:
    resolution: {integrity: sha512-bIomtDF5KGpdogkLd9VspvFzk9KfpyyGlS8YFVZl7TGPBHL5snIOnxeshwVgPteQ9b4Eydl+pVbIyE1DcvCWgQ==}
    engines: {node: '>=10'}
    dev: false

  /color-support/1.1.3:
    resolution: {integrity: sha512-qiBjkpbMLO/HL68y+lh4q0/O1MZFj2RX6X/KmMa3+gJD3z+WwI1ZzDHysvqHGS3mP6mznPckpXmw1nI9cJjyRg==}
    hasBin: true
    dev: false

  /concat-map/0.0.1:
    resolution: {integrity: sha1-2Klr13/Wjfd5OnMDajug1UBdR3s=}
    dev: false

  /console-control-strings/1.1.0:
    resolution: {integrity: sha1-PXz0Rk22RG6mRL9LOVB/mFEAjo4=}
    dev: false

  /cookie/0.4.1:
    resolution: {integrity: sha512-ZwrFkGJxUR3EIoXtO+yVE69Eb7KlixbaeAWfBQB9vVsNn/o+Yw69gBWSSDK825hQNdN+wF8zELf3dFNl/kxkUA==}
    engines: {node: '>= 0.6'}
    dev: false

  /debug/4.3.2:
    resolution: {integrity: sha512-mOp8wKcvj7XxC78zLgw/ZA+6TSgkoE2C/ienthhRD298T7UNwAg9diBpLRxC0mOezLl4B0xV7M0cCO6P/O0Xhw==}
    engines: {node: '>=6.0'}
    peerDependencies:
      supports-color: '*'
    peerDependenciesMeta:
      supports-color:
        optional: true
    dependencies:
      ms: 2.1.2

  /delegates/1.0.0:
    resolution: {integrity: sha1-hMbhWbgZBP3KWaDvRM2HDTElD5o=}
    dev: false

  /detect-libc/1.0.3:
    resolution: {integrity: sha1-+hN8S9aY7fVc1c0CrFWfkaTEups=}
    engines: {node: '>=0.10'}
    hasBin: true
    dev: false

  /esbuild-android-arm64/0.13.9:
    resolution: {integrity: sha512-Ty0hKldtjJVLHwUwbKR4GFPiXBo5iQ3aE1OLBar9lh3myaRkUGEb+Ypl74LEKa0+t/9lS3Ev1N5+5P2Sq6UvNQ==}
    cpu: [arm64]
    os: [android]
    requiresBuild: true
    dev: true
    optional: true

  /esbuild-darwin-64/0.13.9:
    resolution: {integrity: sha512-Ay0/b98v0oYp3ApXNQ7QPbaSkCT9WjBU6h8bMB1SYrQ/PmHgwph91fb9V0pfOLKK1rYWypfrNbI0MyT2tWN+rQ==}
    cpu: [x64]
    os: [darwin]
    requiresBuild: true
    dev: true
    optional: true

  /esbuild-darwin-arm64/0.13.9:
    resolution: {integrity: sha512-nJB8chaJdWathCe6EyIiMIqfyEzbuXPyNsPlL3bYRB1zFCF8feXT874D4IHbJ/w8B6BpY3sM1Clr/I/DK8E4ow==}
    cpu: [arm64]
    os: [darwin]
    requiresBuild: true
    dev: true
    optional: true

  /esbuild-freebsd-64/0.13.9:
    resolution: {integrity: sha512-ktaBujf12XLkVXLGx7WjFcmh1tt34tm7gP4pHkhvbzbHrq+BbXwcl4EsW+5JT9VNKl7slOGf4Qnua/VW7ZcnIw==}
    cpu: [x64]
    os: [freebsd]
    requiresBuild: true
    dev: true
    optional: true

  /esbuild-freebsd-arm64/0.13.9:
    resolution: {integrity: sha512-vVa5zps4dmwpXwv/amxVpIWvFJuUPWQkpV+PYtZUW9lqjXsQ3LBHP51Q1cXZZBIrqwszLsEyJPa5GuDOY15hzQ==}
    cpu: [arm64]
    os: [freebsd]
    requiresBuild: true
    dev: true
    optional: true

  /esbuild-linux-32/0.13.9:
    resolution: {integrity: sha512-HxoW9QNqhO8VW1l7aBiYQH4lobeHq85+blZ4nlZ7sg5CNhGRRwnMlV6S08VYKz6V0YKnHb5OqJxx2HZuTZ7tgQ==}
    cpu: [ia32]
    os: [linux]
    requiresBuild: true
    dev: true
    optional: true

  /esbuild-linux-64/0.13.9:
    resolution: {integrity: sha512-L+eAR8o1lAUr9g64RXnBLuWZjAItAOWSUpvkchpa6QvSnXFA/nG6PgGsOBEqhDXl9qYEpGI0ReDrFkf8ByapvQ==}
    cpu: [x64]
    os: [linux]
    requiresBuild: true
    dev: true
    optional: true

  /esbuild-linux-arm/0.13.9:
    resolution: {integrity: sha512-DT0S+ufCVXatPZHjkCaBgZSFIV8FzY4GEHz/BlkitTWzUvT1dIUXjPIRPnqBUVa+0AyS1bZSfHzv9hTT4LHz7A==}
    cpu: [arm]
    os: [linux]
    requiresBuild: true
    dev: true
    optional: true

  /esbuild-linux-arm64/0.13.9:
    resolution: {integrity: sha512-IjbhZpW5VQYK4nVI4dj/mLvH5oXAIf57OI8BYVkCqrdVXJwR8nVrSqux3zJSY+ElrkOK3DtG9iTPpmqvBXaU0g==}
    cpu: [arm64]
    os: [linux]
    requiresBuild: true
    dev: true
    optional: true

  /esbuild-linux-mips64le/0.13.9:
    resolution: {integrity: sha512-ec9RgAM4r+fe1ZmG16qeMwEHdcIvqeW8tpnpkfSQu9T4487KtQF6lg3TQasTarrLLEe7Qpy+E+r4VwC8eeZySQ==}
    cpu: [mips64el]
    os: [linux]
    requiresBuild: true
    dev: true
    optional: true

  /esbuild-linux-ppc64le/0.13.9:
    resolution: {integrity: sha512-7b2/wg8T1n/L1BgCWlMSez0aXfGkNjFuOqMBQdnTti3LRuUwzGJcrhRf/FdZGJ5/evML9mqu60vLRuXW1TdXCg==}
    cpu: [ppc64]
    os: [linux]
    requiresBuild: true
    dev: true
    optional: true

  /esbuild-netbsd-64/0.13.9:
    resolution: {integrity: sha512-PiZu3h4+Szj0iZPgvuD2Y0isOXnlNetmF6jMcOwW54BScwynW24/baE+z7PfDyNFgjV04Ga2THdcpbKBDhgWQw==}
    cpu: [x64]
    os: [netbsd]
    requiresBuild: true
    dev: true
    optional: true

  /esbuild-openbsd-64/0.13.9:
    resolution: {integrity: sha512-SJKN4Ez+ilY7mu+1gAdGQ9N6dktBfbEkiOAvw+hT7xHrNnTnrTGH0FT4qx9dazB9HX6D04L4PXmVOyynqi+oEQ==}
    cpu: [x64]
    os: [openbsd]
    requiresBuild: true
    dev: true
    optional: true

  /esbuild-sunos-64/0.13.9:
    resolution: {integrity: sha512-9N0RjZ7cElE8ifrS0nBrLQgBMQNPiIIKO2GzLXy7Ms8AM3KjfLiV2G2+9O0B9paXjRAHchIwazTeOyeWb1vyWA==}
    cpu: [x64]
    os: [sunos]
    requiresBuild: true
    dev: true
    optional: true

  /esbuild-windows-32/0.13.9:
    resolution: {integrity: sha512-awxWs1kns+RfjhqBbTbdlePjqZrAE2XMaAQJNg9dtu+C7ghC3QKsqXbu0C26OuF5YeAdJcq9q+IdG6WPLjvj9w==}
    cpu: [ia32]
    os: [win32]
    requiresBuild: true
    dev: true
    optional: true

  /esbuild-windows-64/0.13.9:
    resolution: {integrity: sha512-VmA9GQMCzOr8rFfD72Dum1+AWhJui7ZO6sYwp6rBHYu4vLmWITTSUsd/zgXXmZuHBPkkvxLJLF8XsKFCRKflJA==}
    cpu: [x64]
    os: [win32]
    requiresBuild: true
    dev: true
    optional: true

  /esbuild-windows-arm64/0.13.9:
    resolution: {integrity: sha512-P/jPY2JwmTpgEPh9BkXpCe690tcDSSo0K9BHTniSeEAEz26kPpqldVa4XDm0R+hNnFA7ecEgNskr4QAxE1ry0w==}
    cpu: [arm64]
    os: [win32]
    requiresBuild: true
    dev: true
    optional: true

  /esbuild/0.13.9:
    resolution: {integrity: sha512-8bYcckmisXjGvBMeylp1PRtu21uOoCDFAgXGGF2BR241zYQDN6ZLNvcmQlnQ7olG0p6PRWmJI8WVH3ca8viPuw==}
    hasBin: true
    requiresBuild: true
    optionalDependencies:
      esbuild-android-arm64: 0.13.9
      esbuild-darwin-64: 0.13.9
      esbuild-darwin-arm64: 0.13.9
      esbuild-freebsd-64: 0.13.9
      esbuild-freebsd-arm64: 0.13.9
      esbuild-linux-32: 0.13.9
      esbuild-linux-64: 0.13.9
      esbuild-linux-arm: 0.13.9
      esbuild-linux-arm64: 0.13.9
      esbuild-linux-mips64le: 0.13.9
      esbuild-linux-ppc64le: 0.13.9
      esbuild-netbsd-64: 0.13.9
      esbuild-openbsd-64: 0.13.9
      esbuild-sunos-64: 0.13.9
      esbuild-windows-32: 0.13.9
      esbuild-windows-64: 0.13.9
      esbuild-windows-arm64: 0.13.9
    dev: true

  /estree-walker/2.0.2:
    resolution: {integrity: sha512-Rfkk/Mp/DL7JVje3u18FxFujQlTNR2q6QfMSMB7AvCBx91NGj/ba3kCfza0f6dVDbw7YlRf/nDrn7pQrCCyQ/w==}
    dev: true

  /follow-redirects/1.14.4:
    resolution: {integrity: sha512-zwGkiSXC1MUJG/qmeIFH2HBJx9u0V46QGUe3YR1fXG8bXQxq7fLj0RjLZQ5nubr9qNJUZrH+xUcwXEoXNpfS+g==}
    engines: {node: '>=4.0'}
    peerDependencies:
      debug: '*'
    peerDependenciesMeta:
      debug:
        optional: true
    dev: false

  /fs-minipass/2.1.0:
    resolution: {integrity: sha512-V/JgOLFCS+R6Vcq0slCuaeWEdNC3ouDlJMNIsacH2VtALiu9mV4LPrHc5cDl8k5aw6J8jwgWWpiTo5RYhmIzvg==}
    engines: {node: '>= 8'}
    dependencies:
      minipass: 3.1.5
    dev: false

  /fs.realpath/1.0.0:
    resolution: {integrity: sha1-FQStJSMVjKpA20onh8sBQRmU6k8=}
    dev: false

  /fsevents/2.3.2:
    resolution: {integrity: sha512-xiqMQR4xAeHTuB9uWm+fFRcIOgKBMiOBP+eXiyT7jsgVCq1bkVygt00oASowB7EdtpOHaaPgKt812P9ab+DDKA==}
    engines: {node: ^8.16.0 || ^10.6.0 || >=11.0.0}
    os: [darwin]
    requiresBuild: true
    dev: true
    optional: true

  /function-bind/1.1.1:
    resolution: {integrity: sha512-yIovAzMX49sF8Yl58fSCWJ5svSLuaibPxXQJFLmBObTuCr0Mf1KiPopGM9NiFjiYBCbfaa2Fh6breQ6ANVTI0A==}
    dev: true

  /gauge/3.0.1:
    resolution: {integrity: sha512-6STz6KdQgxO4S/ko+AbjlFGGdGcknluoqU+79GOFCDqqyYj5OanQf9AjxwN0jCidtT+ziPMmPSt9E4hfQ0CwIQ==}
    engines: {node: '>=10'}
    dependencies:
      aproba: 2.0.0
      color-support: 1.1.3
      console-control-strings: 1.1.0
      has-unicode: 2.0.1
      object-assign: 4.1.1
      signal-exit: 3.0.5
      string-width: 2.1.1
      strip-ansi: 4.0.0
      wide-align: 1.1.5
    dev: false

  /glob/7.2.0:
    resolution: {integrity: sha512-lmLf6gtyrPq8tTjSmrO94wBeQbFR3HbLHbuyD69wuyQkImp2hWqMGB47OX65FBkPffO641IP9jWa1z4ivqG26Q==}
    dependencies:
      fs.realpath: 1.0.0
      inflight: 1.0.6
      inherits: 2.0.4
      minimatch: 3.0.4
      once: 1.4.0
      path-is-absolute: 1.0.1
    dev: false

  /globalyzer/0.1.0:
    resolution: {integrity: sha512-40oNTM9UfG6aBmuKxk/giHn5nQ8RVz/SS4Ir6zgzOv9/qC3kKZ9v4etGTcJbEl/NyVQH7FGU7d+X1egr57Md2Q==}
    dev: true

  /globrex/0.1.2:
    resolution: {integrity: sha512-uHJgbwAMwNFf5mLst7IWLNg14x1CkeqglJb/K3doi4dw6q2IvAAmM/Y81kevy83wP+Sst+nutFTYOGg3d1lsxg==}
    dev: true

  /has-unicode/2.0.1:
    resolution: {integrity: sha1-4Ob+aijPUROIVeCG0Wkedx3iqLk=}
    dev: false

  /has/1.0.3:
    resolution: {integrity: sha512-f2dvO0VU6Oej7RkWJGrehjbzMAjFp5/VKPp5tTpWIV4JHHZK1/BxbFRtf/siA2SWTe09caDmVtYYzWEIbBS4zw==}
    engines: {node: '>= 0.4.0'}
    dependencies:
      function-bind: 1.1.1
    dev: true

  /https-proxy-agent/5.0.0:
    resolution: {integrity: sha512-EkYm5BcKUGiduxzSt3Eppko+PiNWNEpa4ySk9vTC6wDsQJW9rHSa+UhGNJoRYp7bz6Ht1eaRIa6QaJqO5rCFbA==}
    engines: {node: '>= 6'}
    dependencies:
      agent-base: 6.0.2
      debug: 4.3.2
    transitivePeerDependencies:
      - supports-color
    dev: false

  /inflight/1.0.6:
    resolution: {integrity: sha1-Sb1jMdfQLQwJvJEKEHW6gWW1bfk=}
    dependencies:
      once: 1.4.0
      wrappy: 1.0.2
    dev: false

  /inherits/2.0.4:
    resolution: {integrity: sha512-k/vGaX4/Yla3WzyMCvTQOXYeIHvqOKtnqBduzTHpzpQZzAskKMhZ2K+EnBiSM9zGSoIFeMpXKxa4dYeZIQqewQ==}
    dev: false

  /is-core-module/2.8.0:
    resolution: {integrity: sha512-vd15qHsaqrRL7dtH6QNuy0ndJmRDrS9HAM1CAiSifNUFv4x1a0CCVsj18hJ1mShxIG6T2i1sO78MkP56r0nYRw==}
    dependencies:
      has: 1.0.3
    dev: true

  /is-fullwidth-code-point/2.0.0:
    resolution: {integrity: sha1-o7MKXE8ZkYMWeqq5O+764937ZU8=}
    engines: {node: '>=4'}
    dev: false

  /kleur/4.1.4:
    resolution: {integrity: sha512-8QADVssbrFjivHWQU7KkMgptGTl6WAcSdlbBPY4uNF+mWr6DGcKrvY2w4FQJoXch7+fKMjj0dRrL75vk3k23OA==}
    engines: {node: '>=6'}
    dev: true

  /lru-cache/6.0.0:
    resolution: {integrity: sha512-Jo6dJ04CmSjuznwJSS3pUeWmd/H0ffTlkXXgwZi+eq1UCmqQwCh+eLsYOYCwY991i2Fah4h1BEMCx4qThGbsiA==}
    engines: {node: '>=10'}
    dependencies:
      yallist: 4.0.0
    dev: false

  /magic-string/0.25.7:
    resolution: {integrity: sha512-4CrMT5DOHTDk4HYDlzmwu4FVCcIYI8gauveasrdCu2IKIFOJ3f0v/8MDGJCDL9oD2ppz/Av1b0Nj345H9M+XIA==}
    dependencies:
      sourcemap-codec: 1.4.8
    dev: true

  /make-dir/3.1.0:
    resolution: {integrity: sha512-g3FeP20LNwhALb/6Cz6Dd4F2ngze0jz7tbzrD2wAV+o9FeNHe4rL+yK2md0J/fiSf1sa1ADhXqi5+oVwOM/eGw==}
    engines: {node: '>=8'}
    dependencies:
      semver: 6.3.0
    dev: false

  /minimatch/3.0.4:
    resolution: {integrity: sha512-yJHVQEhyqPLUTgt9B83PXu6W3rx4MvvHvSUvToogpwoGDOUQ+yDrR0HRot+yOCdCO7u4hX3pWft6kWBBcqh0UA==}
    dependencies:
      brace-expansion: 1.1.11
    dev: false

  /minipass/3.1.5:
    resolution: {integrity: sha512-+8NzxD82XQoNKNrl1d/FSi+X8wAEWR+sbYAfIvub4Nz0d22plFG72CEVVaufV8PNf4qSslFTD8VMOxNVhHCjTw==}
    engines: {node: '>=8'}
    dependencies:
      yallist: 4.0.0
    dev: false

  /minizlib/2.1.2:
    resolution: {integrity: sha512-bAxsR8BVfj60DWXHE3u30oHzfl4G7khkSuPW+qvpd7jFRHm7dLxOjUk1EHACJ/hxLY8phGJ0YhYHZo7jil7Qdg==}
    engines: {node: '>= 8'}
    dependencies:
      minipass: 3.1.5
      yallist: 4.0.0
    dev: false

  /mkdirp/1.0.4:
    resolution: {integrity: sha512-vVqVZQyf3WLx2Shd0qJ9xuvqgAyKPLAiqITEtqW0oIUjzo3PePDd6fW9iFz30ef7Ysp/oiWqbhszeGWW2T6Gzw==}
    engines: {node: '>=10'}
    hasBin: true
    dev: false

  /mri/1.2.0:
    resolution: {integrity: sha512-tzzskb3bG8LvYGFF/mDTpq3jpI6Q9wc3LEmBaghu+DdCssd1FakN7Bc0hVNmEyGq1bq3RgfkCb3cmQLpNPOroA==}
    engines: {node: '>=4'}
    dev: true

  /ms/2.1.2:
    resolution: {integrity: sha512-sGkPx+VjMtmA6MX27oA4FBFELFCZZ4S4XqeGOXCv68tT+jb3vk/RyaKWP0PTKyWtmLSM0b+adUTEvbs1PEaH2w==}

  /nanoid/3.1.30:
    resolution: {integrity: sha512-zJpuPDwOv8D2zq2WRoMe1HsfZthVewpel9CAvTfc/2mBD1uUT/agc5f7GHGWXlYkFvi1mVxe4IjvP2HNrop7nQ==}
    engines: {node: ^10 || ^12 || ^13.7 || ^14 || >=15.0.1}
    hasBin: true
    dev: true

  /node-addon-api/3.2.1:
    resolution: {integrity: sha512-mmcei9JghVNDYydghQmeDX8KoAm0FAiYyIcUt/N4nhyAipB17pllZQDOJD2fotxABnt4Mdz+dKTO7eftLg4d0A==}
    dev: false

  /node-fetch/2.6.5:
    resolution: {integrity: sha512-mmlIVHJEu5rnIxgEgez6b9GgWXbkZj5YZ7fx+2r94a2E+Uirsp6HsPTPlomfdHtpt/B0cdKviwkoaM6pyvUOpQ==}
    engines: {node: 4.x || >=6.0.0}
    dependencies:
      whatwg-url: 5.0.0
    dev: false

  /nopt/5.0.0:
    resolution: {integrity: sha512-Tbj67rffqceeLpcRXrT7vKAN8CwfPeIBgM7E6iBkmKLV7bEMwpGgYLGv0jACUsECaa/vuxP0IjEont6umdMgtQ==}
    engines: {node: '>=6'}
    hasBin: true
    dependencies:
      abbrev: 1.1.1
    dev: false

  /npmlog/5.0.1:
    resolution: {integrity: sha512-AqZtDUWOMKs1G/8lwylVjrdYgqA4d9nu8hc+0gzRxlDb1I10+FHBGMXs6aiQHFdCUUlqH99MUMuLfzWDNDtfxw==}
    dependencies:
      are-we-there-yet: 2.0.0
      console-control-strings: 1.1.0
      gauge: 3.0.1
      set-blocking: 2.0.0
    dev: false

  /object-assign/4.1.1:
    resolution: {integrity: sha1-IQmtx5ZYh8/AXLvUQsrIv7s2CGM=}
    engines: {node: '>=0.10.0'}
    dev: false

  /once/1.4.0:
    resolution: {integrity: sha1-WDsap3WWHUsROsF9nFC6753Xa9E=}
    dependencies:
      wrappy: 1.0.2
    dev: false

  /opencollective-postinstall/2.0.3:
    resolution: {integrity: sha512-8AV/sCtuzUeTo8gQK5qDZzARrulB3egtLzFgteqB2tcT4Mw7B8Kt7JcDHmltjz6FOAHsvTevk70gZEbhM4ZS9Q==}
    hasBin: true
    dev: false

  /path-is-absolute/1.0.1:
    resolution: {integrity: sha1-F0uSaHNVNP+8es5r9TpanhtcX18=}
    engines: {node: '>=0.10.0'}
    dev: false

  /path-parse/1.0.7:
    resolution: {integrity: sha512-LDJzPVEEEPR+y48z93A0Ed0yXb8pAByGWo/k5YYdYgpY2/2EsOsksJrq7lOHxryrVOn1ejG6oAp8ahvOIQD8sw==}
    dev: true

  /picocolors/1.0.0:
    resolution: {integrity: sha512-1fygroTLlHu66zi26VoTDv8yRgm0Fccecssto+MhsZ0D/DGW2sm8E8AjW7NU5VVTRt5GxbeZ5qBuJr+HyLYkjQ==}
    dev: true

  /picomatch/2.3.0:
    resolution: {integrity: sha512-lY1Q/PiJGC2zOv/z391WOTD+Z02bCgsFfvxoXXf6h7kv9o+WmsmzYqrAwY63sNgOxE4xEdq0WyUnXfKeBrSvYw==}
    engines: {node: '>=8.6'}
    dev: true

  /plaid/9.5.0:
    resolution: {integrity: sha512-Z4egAaRnOQ3+gfo1nPTH5/WU1x8KXiBdxzxHJr0BLFtXlgguN7RGmwm+jDXKxhRe/DsFsEI8BHr7Ogu5vhSFMg==}
    engines: {node: '>=10.0.0'}
    dependencies:
      axios: 0.21.4
    transitivePeerDependencies:
      - debug
    dev: false

  /postcss/8.3.11:
    resolution: {integrity: sha512-hCmlUAIlUiav8Xdqw3Io4LcpA1DOt7h3LSTAC4G6JGHFFaWzI6qvFt9oilvl8BmkbBRX1IhM90ZAmpk68zccQA==}
    engines: {node: ^10 || ^12 || >=14}
    dependencies:
      nanoid: 3.1.30
      picocolors: 1.0.0
      source-map-js: 0.6.2
    dev: true

  /prettier-plugin-svelte/2.4.0_prettier@2.2.1+svelte@3.44.0:
    resolution: {integrity: sha512-JwJ9bOz4XHLQtiLnX4mTSSDUdhu12WH8sTwy/XTDCSyPlah6IcV7NWeYBZscPEcceu2YnW8Y9sJCP40Z2UH9GA==}
    peerDependencies:
      prettier: ^1.16.4 || ^2.0.0
      svelte: ^3.2.0
    dependencies:
      prettier: 2.2.1
      svelte: 3.44.0
    dev: true

  /prettier/2.2.1:
    resolution: {integrity: sha512-PqyhM2yCjg/oKkFPtTGUojv7gnZAoG80ttl45O6x2Ug/rMJw4wcc9k6aaf2hibP7BGVCCM33gZoGjyvt9mm16Q==}
    engines: {node: '>=10.13.0'}
    hasBin: true
    dev: true

  /prisma/2.30.3:
    resolution: {integrity: sha512-48qYba2BIyUmXuosBZs0g3kYGrxKvo4VkSHYOuLlDdDirmKyvoY2hCYMUYHSx3f++8ovfgs+MX5KmNlP+iAZrQ==}
    engines: {node: '>=12.2'}
    hasBin: true
    requiresBuild: true
    dependencies:
      '@prisma/engines': 2.30.1-2.b8c35d44de987a9691890b3ddf3e2e7effb9bf20
    dev: true

  /readable-stream/3.6.0:
    resolution: {integrity: sha512-BViHy7LKeTz4oNnkcLJ+lVSL6vpiFeX6/d3oSH8zCW7UxP2onchk+vTGB143xuFjHS3deTgkKoXXymXqymiIdA==}
    engines: {node: '>= 6'}
    dependencies:
      inherits: 2.0.4
      string_decoder: 1.3.0
      util-deprecate: 1.0.2
    dev: false

  /require-relative/0.8.7:
    resolution: {integrity: sha1-eZlTn8ngR6N5KPoZb44VY9q9Nt4=}
    dev: true

  /resolve/1.20.0:
    resolution: {integrity: sha512-wENBPt4ySzg4ybFQW2TT1zMQucPK95HSh/nq2CFTZVOGut2+pQvSsgtda4d26YrYcr067wjbmzOG8byDPBX63A==}
    dependencies:
      is-core-module: 2.8.0
      path-parse: 1.0.7
    dev: true

  /rimraf/3.0.2:
    resolution: {integrity: sha512-JZkJMZkAGFFPP2YqXZXPbMlMBgsxzE8ILs4lMIX/2o0L9UBw9O/Y3o6wFw/i9YLapcUJWwqbi3kdxIPdC62TIA==}
    hasBin: true
    dependencies:
      glob: 7.2.0
    dev: false

  /rollup/2.58.3:
    resolution: {integrity: sha512-ei27MSw1KhRur4p87Q0/Va2NAYqMXOX++FNEumMBcdreIRLURKy+cE2wcDJKBn0nfmhP2ZGrJkP1XPO+G8FJQw==}
    engines: {node: '>=10.0.0'}
    hasBin: true
    optionalDependencies:
      fsevents: 2.3.2
    dev: true

  /sade/1.7.4:
    resolution: {integrity: sha512-y5yauMD93rX840MwUJr7C1ysLFBgMspsdTo4UVrDg3fXDvtwOyIqykhVAAm6fk/3au77773itJStObgK+LKaiA==}
    engines: {node: '>= 6'}
    dependencies:
      mri: 1.2.0
    dev: true

  /safe-buffer/5.2.1:
    resolution: {integrity: sha512-rp3So07KcdmmKbGvgaNxQSJr7bGVSVk5S9Eq1F+ppbRo70+YeaDxkw5Dd8NPN+GD6bjnYm2VuPuCXmpuYvmCXQ==}
    dev: false

  /semver/6.3.0:
    resolution: {integrity: sha512-b39TBaTSfV6yBrapU89p5fKekE2m/NwnDocOVruQFS1/veMgdzuPcnOM34M6CwxW8jH/lxEa5rBoDeUwu5HHTw==}
    hasBin: true
    dev: false

  /semver/7.3.5:
    resolution: {integrity: sha512-PoeGJYh8HK4BTO/a9Tf6ZG3veo/A7ZVsYrSA6J8ny9nb3B1VrpkuN+z9OE5wfE5p6H4LchYZsegiQgbJD94ZFQ==}
    engines: {node: '>=10'}
    hasBin: true
    dependencies:
      lru-cache: 6.0.0
    dev: false

  /set-blocking/2.0.0:
    resolution: {integrity: sha1-BF+XgtARrppoA93TgrJDkrPYkPc=}
    dev: false

  /signal-exit/3.0.5:
    resolution: {integrity: sha512-KWcOiKeQj6ZyXx7zq4YxSMgHRlod4czeBQZrPb8OKcohcqAXShm7E20kEMle9WBt26hFcAf0qLOcp5zmY7kOqQ==}
    dev: false

  /source-map-js/0.6.2:
    resolution: {integrity: sha512-/3GptzWzu0+0MBQFrDKzw/DvvMTUORvgY6k6jd/VS6iCR4RDTKWH6v6WPwQoUO8667uQEf9Oe38DxAYWY5F/Ug==}
    engines: {node: '>=0.10.0'}
    dev: true

  /sourcemap-codec/1.4.8:
    resolution: {integrity: sha512-9NykojV5Uih4lgo5So5dtw+f0JgJX30KCNI8gwhz2J9A15wD0Ml6tjHKwf6fTSa6fAdVBdZeNOs9eJ71qCk8vA==}
    dev: true

  /string-width/2.1.1:
    resolution: {integrity: sha512-nOqH59deCq9SRHlxq1Aw85Jnt4w6KvLKqWVik6oA9ZklXLNIOlqg4F2yrT1MVaTjAqvVwdfeZ7w7aCvJD7ugkw==}
    engines: {node: '>=4'}
    dependencies:
      is-fullwidth-code-point: 2.0.0
      strip-ansi: 4.0.0
    dev: false

  /string_decoder/1.3.0:
    resolution: {integrity: sha512-hkRX8U1WjJFd8LsDJ2yQ/wWWxaopEsABU1XfkM8A+j0+85JAGppt16cr1Whg6KIbb4okU6Mql6BOj+uup/wKeA==}
    dependencies:
      safe-buffer: 5.2.1
    dev: false

  /strip-ansi/4.0.0:
    resolution: {integrity: sha1-qEeQIusaw2iocTibY1JixQXuNo8=}
    engines: {node: '>=4'}
    dependencies:
      ansi-regex: 3.0.0
    dev: false

  /svelte-hmr/0.14.7_svelte@3.44.0:
    resolution: {integrity: sha512-pDrzgcWSoMaK6AJkBWkmgIsecW0GChxYZSZieIYfCP0v2oPyx2CYU/zm7TBIcjLVUPP714WxmViE9Thht4etog==}
    peerDependencies:
      svelte: '>=3.19.0'
    dependencies:
      svelte: 3.44.0
    dev: true

  /svelte/3.44.0:
    resolution: {integrity: sha512-zWACSJBSncGiDvFfYOMFGNV5zDLOlyhftmO5yOZ0lEtQMptpElaRtl39MWz1+lYCpwUq4F3Q2lTzI9TrTL+eMA==}
    engines: {node: '>= 8'}
    dev: true

  /tar/6.1.11:
    resolution: {integrity: sha512-an/KZQzQUkZCkuoAA64hM92X0Urb6VpRhAFllDzz44U2mcD5scmT3zBc4VgVpkugF580+DQn8eAFSyoQt0tznA==}
    engines: {node: '>= 10'}
    dependencies:
      chownr: 2.0.0
      fs-minipass: 2.1.0
      minipass: 3.1.5
      minizlib: 2.1.2
      mkdirp: 1.0.4
      yallist: 4.0.0
    dev: false

  /tiny-glob/0.2.9:
    resolution: {integrity: sha512-g/55ssRPUjShh+xkfx9UPDXqhckHEsHr4Vd9zX55oSdGZc/MD0m3sferOkwWtp98bv+kcVfEHtRJgBVJzelrzg==}
    dependencies:
      globalyzer: 0.1.0
      globrex: 0.1.2
    dev: true

  /tr46/0.0.3:
    resolution: {integrity: sha1-gYT9NH2snNwYWZLzpmIuFLnZq2o=}
    dev: false

  /util-deprecate/1.0.2:
    resolution: {integrity: sha1-RQ1Nyfpw3nMnYvvS1KKJgUGaDM8=}
    dev: false

  /vite/2.6.13:
    resolution: {integrity: sha512-+tGZ1OxozRirTudl4M3N3UTNJOlxdVo/qBl2IlDEy/ZpTFcskp+k5ncNjayR3bRYTCbqSOFz2JWGN1UmuDMScA==}
    engines: {node: '>=12.2.0'}
    hasBin: true
    peerDependencies:
      less: '*'
      sass: '*'
      stylus: '*'
    peerDependenciesMeta:
      less:
        optional: true
      sass:
        optional: true
      stylus:
        optional: true
    dependencies:
      esbuild: 0.13.9
      postcss: 8.3.11
      resolve: 1.20.0
      rollup: 2.58.3
    optionalDependencies:
      fsevents: 2.3.2
    dev: true

  /webidl-conversions/3.0.1:
    resolution: {integrity: sha1-JFNCdeKnvGvnvIZhHMFq4KVlSHE=}
    dev: false

  /whatwg-url/5.0.0:
    resolution: {integrity: sha1-lmRU6HZUYuN2RNNib2dCzotwll0=}
    dependencies:
      tr46: 0.0.3
      webidl-conversions: 3.0.1
    dev: false

  /wide-align/1.1.5:
    resolution: {integrity: sha512-eDMORYaPNZ4sQIuuYPDHdQvf4gyCF9rEEV/yPxGfwPkRodwEgiMUUXTx/dex+Me0wxx53S+NgUHaP7y3MGlDmg==}
    dependencies:
      string-width: 2.1.1
    dev: false

  /wrappy/1.0.2:
    resolution: {integrity: sha1-tSQ9jz7BqjXxNkYFvA0QNuMKtp8=}
    dev: false

  /yallist/4.0.0:
    resolution: {integrity: sha512-3wdGidZyq5PB084XLES5TpOSRA3wjXAlIWMhum2kRcv/41Sn2emQ0dycQW4uZXLejwKvg6EsvbdlVL+FYEct7A==}
    dev: false
